
Microsoft Visual Studio Solution File, Format Version 12.00
# Visual Studio Version 17
VisualStudioVersion = 17.14.37027.9 d17.14
MinimumVisualStudioVersion = 10.0.40219.1
Project("{54A90642-561A-4BB1-A94E-469ADEE60C69}") = "AngularProjectTest", "AngularProjectTest.esproj", "{B6AAE077-B80E-1FFF-9B09-3CE6C1E1A7FF}"
EndProject
Global
	GlobalSection(SolutionConfigurationPlatforms) = preSolution
		Debug|Any CPU = Debug|Any CPU
		Release|Any CPU = Release|Any CPU
	EndGlobalSection
	GlobalSection(ProjectConfigurationPlatforms) = postSolution
		{B6AAE077-B80E-1FFF-9B09-3CE6C1E1A7FF}.Debug|Any CPU.ActiveCfg = Debug|Any CPU
		{B6AAE077-B80E-1FFF-9B09-3CE6C1E1A7FF}.Debug|Any CPU.Build.0 = Debug|Any CPU
		{B6AAE077-B80E-1FFF-9B09-3CE6C1E1A7FF}.Debug|Any CPU.Deploy.0 = Debug|Any CPU
		{B6AAE077-B80E-1FFF-9B09-3CE6C1E1A7FF}.Release|Any CPU.ActiveCfg = Release|Any CPU
		{B6AAE077-B80E-1FFF-9B09-3CE6C1E1A7FF}.Release|Any CPU.Build.0 = Release|Any CPU
		{B6AAE077-B80E-1FFF-9B09-3CE6C1E1A7FF}.Release|Any CPU.Deploy.0 = Release|Any CPU
	EndGlobalSection
	GlobalSection(SolutionProperties) = preSolution
		HideSolutionNode = FALSE
	EndGlobalSection
	GlobalSection(ExtensibilityGlobals) = postSolution
		SolutionGuid = {D5FCCC75-B122-4FCB-B3EE-3C03D119D36F}
	EndGlobalSection
EndGlobal
